// !$*UTF8*$!
{
	archiveVersion = 1;
	classes = {
	};
	objectVersion = 50;
	objects = {

/* Begin PBXBuildFile section */
		F37E4F00216262C200D69222 /* AppDelegate.swift in Sources */ = {isa = PBXBuildFile; fileRef = F37E4EFF216262C200D69222 /* AppDelegate.swift */; };
		F37E4F02216262C200D69222 /* ViewController.swift in Sources */ = {isa = PBXBuildFile; fileRef = F37E4F01216262C200D69222 /* ViewController.swift */; };
		F37E4F05216262C200D69222 /* Main.storyboard in Resources */ = {isa = PBXBuildFile; fileRef = F37E4F03216262C200D69222 /* Main.storyboard */; };
		F37E4F07216262C200D69222 /* Assets.xcassets in Resources */ = {isa = PBXBuildFile; fileRef = F37E4F06216262C200D69222 /* Assets.xcassets */; };
		F37E4F0A216262C200D69222 /* LaunchScreen.storyboard in Resources */ = {isa = PBXBuildFile; fileRef = F37E4F08216262C200D69222 /* LaunchScreen.storyboard */; };
		F37E4F12216262EB00D69222 /* SingleDatePicker.swift in Sources */ = {isa = PBXBuildFile; fileRef = F37E4F11216262EB00D69222 /* SingleDatePicker.swift */; };
/* End PBXBuildFile section */

/* Begin PBXFileReference section */
		F37E4EFC216262C200D69222 /* SingleDatePicker.app */ = {isa = PBXFileReference; explicitFileType = wrapper.application; includeInIndex = 0; path = SingleDatePicker.app; sourceTree = BUILT_PRODUCTS_DIR; };
		F37E4EFF216262C200D69222 /* AppDelegate.swift */ = {isa = PBXFileReference; lastKnownFileType = sourcecode.swift; path = AppDelegate.swift; sourceTree = "<group>"; };
		F37E4F01216262C200D69222 /* ViewController.swift */ = {isa = PBXFileReference; lastKnownFileType = sourcecode.swift; path = ViewController.swift; sourceTree = "<group>"; };
		F37E4F04216262C200D69222 /* Base */ = {isa = PBXFileReference; lastKnownFileType = file.storyboard; name = Base; path = Base.lproj/Main.storyboard; sourceTree = "<group>"; };
		F37E4F06216262C200D69222 /* Assets.xcassets */ = {isa = PBXFileReference; lastKnownFileType = folder.assetcatalog; path = Assets.xcassets; sourceTree = "<group>"; };
		F37E4F09216262C200D69222 /* Base */ = {isa = PBXFileReference; lastKnownFileType = file.storyboard; name = Base; path = Base.lproj/LaunchScreen.storyboard; sourceTree = "<group>"; };
		F37E4F0B216262C200D69222 /* Info.plist */ = {isa = PBXFileReference; lastKnownFileType = text.plist.xml; path = Info.plist; sourceTree = "<group>"; };
		F37E4F11216262EB00D69222 /* SingleDatePicker.swift */ = {isa = PBXFileReference; lastKnownFileType = sourcecode.swift; path = SingleDatePicker.swift; sourceTree = "<group>"; };
/* End PBXFileReference section */

/* Begin PBXFrameworksBuildPhase section */
		F37E4EF9216262C200D69222 /* Frameworks */ = {
			isa = PBXFrameworksBuildPhase;
			buildActionMask = 2147483647;
			files = (
			);
			runOnlyForDeploymentPostprocessing = 0;
		};
/* End PBXFrameworksBuildPhase section */

/* Begin PBXGroup section */
		F37E4EF3216262C200D69222 = {
			isa = PBXGroup;
			children = (
				F37E4EFE216262C200D69222 /* SingleDatePicker */,
				F37E4EFD216262C200D69222 /* Products */,
			);
			sourceTree = "<group>";
		};
		F37E4EFD216262C200D69222 /* Products */ = {
			isa = PBXGroup;
			children = (
				F37E4EFC216262C200D69222 /* SingleDatePicker.app */,
			);
			name = Products;
			sourceTree = "<group>";
		};
		F37E4EFE216262C200D69222 /* SingleDatePicker */ = {
			isa = PBXGroup;
			children = (
				F37E4EFF216262C200D69222 /* AppDelegate.swift */,
				F37E4F01216262C200D69222 /* ViewController.swift */,
				F37E4F11216262EB00D69222 /* SingleDatePicker.swift */,
				F37E4F03216262C200D69222 /* Main.storyboard */,
				F37E4F06216262C200D69222 /* Assets.xcassets */,
				F37E4F08216262C200D69222 /* LaunchScreen.storyboard */,
				F37E4F0B216262C200D69222 /* Info.plist */,
			);
			path = SingleDatePicker;
			sourceTree = "<group>";
		};
/* End PBXGroup section */

/* Begin PBXNativeTarget section */
		F37E4EFB216262C200D69222 /* SingleDatePicker */ = {
			isa = PBXNativeTarget;
			buildConfigurationList = F37E4F0E216262C200D69222 /* Build configuration list for PBXNativeTarget "SingleDatePicker" */;
			buildPhases = (
				F37E4EF8216262C200D69222 /* Sources */,
				F37E4EF9216262C200D69222 /* Frameworks */,
				F37E4EFA216262C200D69222 /* Resources */,
			);
			buildRules = (
			);
			dependencies = (
			);
			name = SingleDatePicker;
			productName = SingleDatePicker;
			productReference = F37E4EFC216262C200D69222 /* SingleDatePicker.app */;
			productType = "com.apple.product-type.application";
		};
/* End PBXNativeTarget section */

/* Begin PBXProject section */
		F37E4EF4216262C200D69222 /* Project object */ = {
			isa = PBXProject;
			attributes = {
				LastSwiftUpdateCheck = 1000;
				LastUpgradeCheck = 1000;
				ORGANIZATIONNAME = kei.sato;
				TargetAttributes = {
					F37E4EFB216262C200D69222 = {
						CreatedOnToolsVersion = 10.0;
					};
				};
			};
			buildConfigurationList = F37E4EF7216262C200D69222 /* Build configuration list for PBXProject "SingleDatePicker" */;
			compatibilityVersion = "Xcode 9.3";
			developmentRegion = en;
			hasScannedForEncodings = 0;
			knownRegions = (
				en,
				Base,
			);
			mainGroup = F37E4EF3216262C200D69222;
			productRefGroup = F37E4EFD216262C200D69222 /* Products */;
			projectDirPath = "";
			projectRoot = "";
			targets = (
				F37E4EFB216262C200D69222 /* SingleDatePicker */,
			);
		};
/* End PBXProject section */

/* Begin PBXResourcesBuildPhase section */
		F37E4EFA216262C200D69222 /* Resources */ = {
			isa = PBXResourcesBuildPhase;
			buildActionMask = 2147483647;
			files = (
				F37E4F0A216262C200D69222 /* LaunchScreen.storyboard in Resources */,
				F37E4F07216262C200D69222 /* Assets.xcassets in Resources */,
				F37E4F05216262C200D69222 /* Main.storyboard in Resources */,
			);
			runOnlyForDeploymentPostprocessing = 0;
		};
/* End PBXResourcesBuildPhase section */

/* Begin PBXSourcesBuildPhase section */
		F37E4EF8216262C200D69222 /* Sources */ = {
			isa = PBXSourcesBuildPhase;
			buildActionMask = 2147483647;
			files = (
				F37E4F02216262C200D69222 /* ViewController.swift in Sources */,
				F37E4F00216262C200D69222 /* AppDelegate.swift in Sources */,
				F37E4F12216262EB00D69222 /* SingleDatePicker.swift in Sources */,
			);
			runOnlyForDeploymentPostprocessing = 0;
		};
/* End PBXSourcesBuildPhase section */

/* Begin PBXVariantGroup section */
		F37E4F03216262C200D69222 /* Main.storyboard */ = {
			isa = PBXVariantGroup;
			children = (
				F37E4F04216262C200D69222 /* Base */,
			);
			name = Main.storyboard;
			sourceTree = "<group>";
		};
		F37E4F08216262C200D69222 /* LaunchScreen.storyboard */ = {
			isa = PBXVariantGroup;
			children = (
				F37E4F09216262C200D69222 /* Base */,
			);
			name = LaunchScreen.storyboard;
			sourceTree = "<group>";
		};
/* End PBXVariantGroup section */

/* Begin XCBuildConfiguration section */
		F37E4F0C216262C200D69222 /* Debug */ = {
			isa = XCBuildConfiguration;
			buildSettings = {
				ALWAYS_SEARCH_USER_PATHS = NO;
				CLANG_ANALYZER_NONNULL = YES;
				CLANG_ANALYZER_NUMBER_OBJECT_CONVERSION = YES_AGGRESSIVE;
				CLANG_CXX_LANGUAGE_STANDARD = "gnu++14";
				CLANG_CXX_LIBRARY = "libc++";
				CLANG_ENABLE_MODULES = YES;
				CLANG_ENABLE_OBJC_ARC = YES;
				CLANG_ENABLE_OBJC_WEAK = YES;
				CLANG_WARN_BLOCK_CAPTURE_AUTORELEASING = YES;
				CLANG_WARN_BOOL_CONVERSION = YES;
				CLANG_WARN_COMMA = YES;
				CLANG_WARN_CONSTANT_CONVERSION = YES;
				CLANG_WARN_DEPRECATED_OBJC_IMPLEMENTATIONS = YES;
				CLANG_WARN_DIRECT_OBJC_ISA_USAGE = YES_ERROR;
				CLANG_WARN_DOCUMENTATION_COMMENTS = YES;
				CLANG_WARN_EMPTY_BODY = YES;
				CLANG_WARN_ENUM_CONVERSION = YES;
				CLANG_WARN_INFINITE_RECURSION = YES;
				CLANG_WARN_INT_CONVERSION = YES;
				CLANG_WARN_NON_LITERAL_NULL_CONVERSION = YES;
				CLANG_WARN_OBJC_IMPLICIT_RETAIN_SELF = YES;
				CLANG_WARN_OBJC_LITERAL_CONVERSION = YES;
				CLANG_WARN_OBJC_ROOT_CLASS = YES_ERROR;
				CLANG_WARN_RANGE_LOOP_ANALYSIS = YES;
				CLANG_WARN_STRICT_PROTOTYPES = YES;
				CLANG_WARN_SUSPICIOUS_MOVE = YES;
				CLANG_WARN_UNGUARDED_AVAILABILITY = YES_AGGRESSIVE;
				CLANG_WARN_UNREACHABLE_CODE = YES;
				CLANG_WARN__DUPLICATE_METHOD_MATCH = YES;
				CODE_SIGN_IDENTITY = "iPhone Developer";
				COPY_PHASE_STRIP = NO;
				DEBUG_INFORMATION_FORMAT = dwarf;
				ENABLE_STRICT_OBJC_MSGSEND = YES;
				ENABLE_TESTABILITY = YES;
				GCC_C_LANGUAGE_STANDARD = gnu11;
				GCC_DYNAMIC_NO_PIC = NO;
				GCC_NO_COMMON_BLOCKS = YES;
				GCC_OPTIMIZATION_LEVEL = 0;
				GCC_PREPROCESSOR_DEFINITIONS = (
					"DEBUG=1",
					"$(inherited)",
				);
				GCC_WARN_64_TO_32_BIT_CONVERSION = YES;
				GCC_WARN_ABOUT_RETURN_TYPE = YES_ERROR;
				GCC_WARN_UNDECLARED_SELECTOR = YES;
				GCC_WARN_UNINITIALIZED_AUTOS = YES_AGGRESSIVE;
				GCC_WARN_UNUSED_FUNCTION = YES;
				GCC_WARN_UNUSED_VARIABLE = YES;
				IPHONEOS_DEPLOYMENT_TARGET = 12.0;
				MTL_ENABLE_DEBUG_INFO = INCLUDE_SOURCE;
				MTL_FAST_MATH = YES;
				ONLY_ACTIVE_ARCH = YES;
				SDKROOT = iphoneos;
				SWIFT_ACTIVE_COMPILATION_CONDITIONS = DEBUG;
				SWIFT_OPTIMIZATION_LEVEL = "-Onone";
			};
			name = Debug;
		};
		F37E4F0D216262C200D69222 /* Release */ = {
			isa = XCBuildConfiguration;
			buildSettings = {
				ALWAYS_SEARCH_USER_PATHS = NO;
				CLANG_ANALYZER_NONNULL = YES;
				CLANG_ANALYZER_NUMBER_OBJECT_CONVERSION = YES_AGGRESSIVE;
				CLANG_CXX_LANGUAGE_STANDARD = "gnu++14";
				CLANG_CXX_LIBRARY = "libc++";
				CLANG_ENABLE_MODULES = YES;
				CLANG_ENABLE_OBJC_ARC = YES;
				CLANG_ENABLE_OBJC_WEAK = YES;
				CLANG_WARN_BLOCK_CAPTURE_AUTORELEASING = YES;
				CLANG_WARN_BOOL_CONVERSION = YES;
				CLANG_WARN_COMMA = YES;
				CLANG_WARN_CONSTANT_CONVERSION = YES;
				CLANG_WARN_DEPRECATED_OBJC_IMPLEMENTATIONS = YES;
				CLANG_WARN_DIRECT_OBJC_ISA_USAGE = YES_ERROR;
				CLANG_WARN_DOCUMENTATION_COMMENTS = YES;
				CLANG_WARN_EMPTY_BODY = YES;
				CLANG_WARN_ENUM_CONVERSION = YES;
				CLANG_WARN_INFINITE_RECURSION = YES;
				CLANG_WARN_INT_CONVERSION = YES;
				CLANG_WARN_NON_LITERAL_NULL_CONVERSION = YES;
				CLANG_WARN_OBJC_IMPLICIT_RETAIN_SELF = YES;
				CLANG_WARN_OBJC_LITERAL_CONVERSION = YES;
				CLANG_WARN_OBJC_ROOT_CLASS = YES_ERROR;
				CLANG_WARN_RANGE_LOOP_ANALYSIS = YES;
				CLANG_WARN_STRICT_PROTOTYPES = YES;
				CLANG_WARN_SUSPICIOUS_MOVE = YES;
				CLANG_WARN_UNGUARDED_AVAILABILITY = YES_AGGRESSIVE;
				CLANG_WARN_UNREACHABLE_CODE = YES;
				CLANG_WARN__DUPLICATE_METHOD_MATCH = YES;
				CODE_SIGN_IDENTITY = "iPhone Developer";
				COPY_PHASE_STRIP = NO;
				DEBUG_INFORMATION_FORMAT = "dwarf-with-dsym";
				ENABLE_NS_ASSERTIONS = NO;
				ENABLE_STRICT_OBJC_MSGSEND = YES;
				GCC_C_LANGUAGE_STANDARD = gnu11;
				GCC_NO_COMMON_BLOCKS = YES;
				GCC_WARN_64_TO_32_BIT_CONVERSION = YES;
				GCC_WARN_ABOUT_RETURN_TYPE = YES_ERROR;
				GCC_WARN_UNDECLARED_SELECTOR = YES;
				GCC_WARN_UNINITIALIZED_AUTOS = YES_AGGRESSIVE;
				GCC_WARN_UNUSED_FUNCTION = YES;
				GCC_WARN_UNUSED_VARIABLE = YES;
				IPHONEOS_DEPLOYMENT_TARGET = 12.0;
				MTL_ENABLE_DEBUG_INFO = NO;
				MTL_FAST_MATH = YES;
				SDKROOT = iphoneos;
				SWIFT_COMPILATION_MODE = wholemodule;
				SWIFT_OPTIMIZATION_LEVEL = "-O";
				VALIDATE_PRODUCT = YES;
			};
			name = Release;
		};
		F37E4F0F216262C200D69222 /* Debug */ = {
			isa = XCBuildConfiguration;
			buildSettings = {
				ASSETCATALOG_COMPILER_APPICON_NAME = AppIcon;
				CODE_SIGN_STYLE = Automatic;
				DEVELOPMENT_TEAM = A5U29U3D2K;
				INFOPLIST_FILE = SingleDatePicker/Info.plist;
				IPHONEOS_DEPLOYMENT_TARGET = 9.3;
				LD_RUNPATH_SEARCH_PATHS = (
					"$(inherited)",
					"@executable_path/Frameworks",
				);
				PRODUCT_BUNDLE_IDENTIFIER = kei.sato.SingleDatePicker;
				PRODUCT_NAME = "$(TARGET_NAME)";
				SWIFT_VERSION = 4.2;
				TARGETED_DEVICE_FAMILY = "1,2";
			};
			name = Debug;
		};
		F37E4F10216262C200D69222 /* Release */ = {
			isa = XCBuildConfiguration;
			buildSettings = {
				ASSETCATALOG_COMPILER_APPICON_NAME = AppIcon;
				CODE_SIGN_STYLE = Automatic;
				DEVELOPMENT_TEAM = A5U29U3D2K;
				INFOPLIST_FILE = SingleDatePicker/Info.plist;
				IPHONEOS_DEPLOYMENT_TARGET = 9.3;
				LD_RUNPATH_SEARCH_PATHS = (
					"$(inherited)",
					"@executable_path/Frameworks",
				);
				PRODUCT_BUNDLE_IDENTIFIER = kei.sato.SingleDatePicker;
				PRODUCT_NAME = "$(TARGET_NAME)";
				SWIFT_VERSION = 4.2;
				TARGETED_DEVICE_FAMILY = "1,2";
			};
			name = Release;
		};
/* End XCBuildConfiguration section */

/* Begin XCConfigurationList section */
		F37E4EF7216262C200D69222 /* Build configuration list for PBXProject "SingleDatePicker" */ = {
			isa = XCConfigurationList;
			buildConfigurations = (
				F37E4F0C216262C200D69222 /* Debug */,
				F37E4F0D216262C200D69222 /* Release */,
			);
			defaultConfigurationIsVisible = 0;
			defaultConfigurationName = Release;
		};
		F37E4F0E216262C200D69222 /* Build configuration list for PBXNativeTarget "SingleDatePicker" */ = {
			isa = XCConfigurationList;
			buildConfigurations = (
				F37E4F0F216262C200D69222 /* Debug */,
				F37E4F10216262C200D69222 /* Release */,
			);
			defaultConfigurationIsVisible = 0;
			defaultConfigurationName = Release;
		};
/* End XCConfigurationList section */
	};
	rootObject = F37E4EF4216262C200D69222 /* Project object */;
}
